// !$*UTF8*$!
{
	archiveVersion = 1;
	classes = {
	};
	objectVersion = 55;
	objects = {

/* Begin PBXBuildFile section */
		1F8639A328255D2B000EDA0F /* AppDelegate.swift in Sources */ = {isa = PBXBuildFile; fileRef = 1F8639A228255D2B000EDA0F /* AppDelegate.swift */; };
		1F8639A528255D2B000EDA0F /* SceneDelegate.swift in Sources */ = {isa = PBXBuildFile; fileRef = 1F8639A428255D2B000EDA0F /* SceneDelegate.swift */; };
		1F8639A728255D2B000EDA0F /* DragonsListVC.swift in Sources */ = {isa = PBXBuildFile; fileRef = 1F8639A628255D2B000EDA0F /* DragonsListVC.swift */; };
		1F8639AC28255D2C000EDA0F /* Assets.xcassets in Resources */ = {isa = PBXBuildFile; fileRef = 1F8639AB28255D2C000EDA0F /* Assets.xcassets */; };
		1F91AAD32829779600DC3C0F /* UIViewController+Ext.swift in Sources */ = {isa = PBXBuildFile; fileRef = 1F91AAD22829779600DC3C0F /* UIViewController+Ext.swift */; };
		1F91AAD628297BEF00DC3C0F /* UIView+Ext.swift in Sources */ = {isa = PBXBuildFile; fileRef = 1F91AAD528297BEF00DC3C0F /* UIView+Ext.swift */; };
		1F91AAD828297CC700DC3C0F /* GalleryCollectionView.swift in Sources */ = {isa = PBXBuildFile; fileRef = 1F91AAD728297CC700DC3C0F /* GalleryCollectionView.swift */; };
		1F91AADB2829822200DC3C0F /* GalleryCell.swift in Sources */ = {isa = PBXBuildFile; fileRef = 1F91AADA2829822200DC3C0F /* GalleryCell.swift */; };
		1F9B53FC2829A1A400F7F926 /* SizeConstants.swift in Sources */ = {isa = PBXBuildFile; fileRef = 1F9B53FB2829A1A400F7F926 /* SizeConstants.swift */; };
		1FA4AFE028279FA700C7A434 /* DragonInfoVC.swift in Sources */ = {isa = PBXBuildFile; fileRef = 1FA4AFDF28279FA700C7A434 /* DragonInfoVC.swift */; };
		1FA4AFE22827A05A00C7A434 /* DragonInfo.swift in Sources */ = {isa = PBXBuildFile; fileRef = 1FA4AFE12827A05A00C7A434 /* DragonInfo.swift */; };
		1FB1A7DA28270C7C0071CCD7 /* ErrorMessage.swift in Sources */ = {isa = PBXBuildFile; fileRef = 1FB1A7D928270C7C0071CCD7 /* ErrorMessage.swift */; };
		1FB1A7DD2827105C0071CCD7 /* SDWebImage in Frameworks */ = {isa = PBXBuildFile; productRef = 1FB1A7DC2827105C0071CCD7 /* SDWebImage */; };
		1FB3AF9D282C02BE00932F0E /* DragonImage.swift in Sources */ = {isa = PBXBuildFile; fileRef = 1FB3AF9C282C02BE00932F0E /* DragonImage.swift */; };
		1FB3F5E02825A9A800208929 /* NetworkManager.swift in Sources */ = {isa = PBXBuildFile; fileRef = 1FB3F5DF2825A9A800208929 /* NetworkManager.swift */; };
		1FB3F5E22825B30500208929 /* DragonsList.swift in Sources */ = {isa = PBXBuildFile; fileRef = 1FB3F5E12825B30500208929 /* DragonsList.swift */; };
		1FB3F5E52825C24C00208929 /* DragonsCell.swift in Sources */ = {isa = PBXBuildFile; fileRef = 1FB3F5E42825C24C00208929 /* DragonsCell.swift */; };
		1FB3F5E92825C55500208929 /* DLabel.swift in Sources */ = {isa = PBXBuildFile; fileRef = 1FB3F5E82825C55500208929 /* DLabel.swift */; };
		1FFD9CAD282841E600A7DEAF /* BioLabel.swift in Sources */ = {isa = PBXBuildFile; fileRef = 1FFD9CAC282841E600A7DEAF /* BioLabel.swift */; };
		1FFD9CAF2828499E00A7DEAF /* WikipediaButton.swift in Sources */ = {isa = PBXBuildFile; fileRef = 1FFD9CAE2828499E00A7DEAF /* WikipediaButton.swift */; };
/* End PBXBuildFile section */

/* Begin PBXFileReference section */
		1F86399F28255D2B000EDA0F /* DragonS.app */ = {isa = PBXFileReference; explicitFileType = wrapper.application; includeInIndex = 0; path = DragonS.app; sourceTree = BUILT_PRODUCTS_DIR; };
		1F8639A228255D2B000EDA0F /* AppDelegate.swift */ = {isa = PBXFileReference; lastKnownFileType = sourcecode.swift; path = AppDelegate.swift; sourceTree = "<group>"; };
		1F8639A428255D2B000EDA0F /* SceneDelegate.swift */ = {isa = PBXFileReference; lastKnownFileType = sourcecode.swift; path = SceneDelegate.swift; sourceTree = "<group>"; };
		1F8639A628255D2B000EDA0F /* DragonsListVC.swift */ = {isa = PBXFileReference; lastKnownFileType = sourcecode.swift; path = DragonsListVC.swift; sourceTree = "<group>"; };
		1F8639AB28255D2C000EDA0F /* Assets.xcassets */ = {isa = PBXFileReference; lastKnownFileType = folder.assetcatalog; path = Assets.xcassets; sourceTree = "<group>"; };
		1F8639B028255D2C000EDA0F /* Info.plist */ = {isa = PBXFileReference; lastKnownFileType = text.plist.xml; path = Info.plist; sourceTree = "<group>"; };
		1F91AAD22829779600DC3C0F /* UIViewController+Ext.swift */ = {isa = PBXFileReference; lastKnownFileType = sourcecode.swift; path = "UIViewController+Ext.swift"; sourceTree = "<group>"; };
		1F91AAD528297BEF00DC3C0F /* UIView+Ext.swift */ = {isa = PBXFileReference; lastKnownFileType = sourcecode.swift; path = "UIView+Ext.swift"; sourceTree = "<group>"; };
		1F91AAD728297CC700DC3C0F /* GalleryCollectionView.swift */ = {isa = PBXFileReference; lastKnownFileType = sourcecode.swift; path = GalleryCollectionView.swift; sourceTree = "<group>"; };
		1F91AADA2829822200DC3C0F /* GalleryCell.swift */ = {isa = PBXFileReference; lastKnownFileType = sourcecode.swift; path = GalleryCell.swift; sourceTree = "<group>"; };
		1F9B53FB2829A1A400F7F926 /* SizeConstants.swift */ = {isa = PBXFileReference; lastKnownFileType = sourcecode.swift; path = SizeConstants.swift; sourceTree = "<group>"; };
		1FA4AFDF28279FA700C7A434 /* DragonInfoVC.swift */ = {isa = PBXFileReference; lastKnownFileType = sourcecode.swift; path = DragonInfoVC.swift; sourceTree = "<group>"; };
		1FA4AFE12827A05A00C7A434 /* DragonInfo.swift */ = {isa = PBXFileReference; lastKnownFileType = sourcecode.swift; path = DragonInfo.swift; sourceTree = "<group>"; };
		1FB1A7D928270C7C0071CCD7 /* ErrorMessage.swift */ = {isa = PBXFileReference; lastKnownFileType = sourcecode.swift; path = ErrorMessage.swift; sourceTree = "<group>"; };
		1FB3AF9C282C02BE00932F0E /* DragonImage.swift */ = {isa = PBXFileReference; lastKnownFileType = sourcecode.swift; path = DragonImage.swift; sourceTree = "<group>"; };
		1FB3F5DF2825A9A800208929 /* NetworkManager.swift */ = {isa = PBXFileReference; lastKnownFileType = sourcecode.swift; path = NetworkManager.swift; sourceTree = "<group>"; };
		1FB3F5E12825B30500208929 /* DragonsList.swift */ = {isa = PBXFileReference; lastKnownFileType = sourcecode.swift; path = DragonsList.swift; sourceTree = "<group>"; };
		1FB3F5E42825C24C00208929 /* DragonsCell.swift */ = {isa = PBXFileReference; lastKnownFileType = sourcecode.swift; path = DragonsCell.swift; sourceTree = "<group>"; };
		1FB3F5E82825C55500208929 /* DLabel.swift */ = {isa = PBXFileReference; lastKnownFileType = sourcecode.swift; path = DLabel.swift; sourceTree = "<group>"; };
		1FFD9CAC282841E600A7DEAF /* BioLabel.swift */ = {isa = PBXFileReference; lastKnownFileType = sourcecode.swift; path = BioLabel.swift; sourceTree = "<group>"; };
		1FFD9CAE2828499E00A7DEAF /* WikipediaButton.swift */ = {isa = PBXFileReference; lastKnownFileType = sourcecode.swift; path = WikipediaButton.swift; sourceTree = "<group>"; };
/* End PBXFileReference section */

/* Begin PBXFrameworksBuildPhase section */
		1F86399C28255D2B000EDA0F /* Frameworks */ = {
			isa = PBXFrameworksBuildPhase;
			buildActionMask = 2147483647;
			files = (
				1FB1A7DD2827105C0071CCD7 /* SDWebImage in Frameworks */,
			);
			runOnlyForDeploymentPostprocessing = 0;
		};
/* End PBXFrameworksBuildPhase section */

/* Begin PBXGroup section */
		1F86399628255D2B000EDA0F = {
			isa = PBXGroup;
			children = (
				1F8639A128255D2B000EDA0F /* DragonS */,
				1F8639A028255D2B000EDA0F /* Products */,
			);
			sourceTree = "<group>";
		};
		1F8639A028255D2B000EDA0F /* Products */ = {
			isa = PBXGroup;
			children = (
				1F86399F28255D2B000EDA0F /* DragonS.app */,
			);
			name = Products;
			sourceTree = "<group>";
		};
		1F8639A128255D2B000EDA0F /* DragonS */ = {
			isa = PBXGroup;
			children = (
				1FB3F5DE2825A98600208929 /* Managers */,
				1FB3F5DD2825A94C00208929 /* Models */,
				1FB3F5DC2825A91600208929 /* ViewControllers */,
				1FB3F5E32825C22800208929 /* CustomViews */,
				1F91AAD42829779D00DC3C0F /* Extensions */,
				1FB1A7D828270C240071CCD7 /* Utilities */,
				1FB3F5DB2825A8F400208929 /* SupportingFiles */,
				1F8639B028255D2C000EDA0F /* Info.plist */,
			);
			path = DragonS;
			sourceTree = "<group>";
		};
		1F91AAD42829779D00DC3C0F /* Extensions */ = {
			isa = PBXGroup;
			children = (
				1F91AAD22829779600DC3C0F /* UIViewController+Ext.swift */,
				1F91AAD528297BEF00DC3C0F /* UIView+Ext.swift */,
			);
			path = Extensions;
			sourceTree = "<group>";
		};
		1F91AAD9282981FE00DC3C0F /* Cells */ = {
			isa = PBXGroup;
			children = (
				1FB3F5E42825C24C00208929 /* DragonsCell.swift */,
				1F91AADA2829822200DC3C0F /* GalleryCell.swift */,
			);
			path = Cells;
			sourceTree = "<group>";
		};
		1FB1A7D828270C240071CCD7 /* Utilities */ = {
			isa = PBXGroup;
			children = (
				1FB1A7D928270C7C0071CCD7 /* ErrorMessage.swift */,
				1F9B53FB2829A1A400F7F926 /* SizeConstants.swift */,
			);
			path = Utilities;
			sourceTree = "<group>";
		};
		1FB3F5DB2825A8F400208929 /* SupportingFiles */ = {
			isa = PBXGroup;
			children = (
				1F8639A228255D2B000EDA0F /* AppDelegate.swift */,
				1F8639A428255D2B000EDA0F /* SceneDelegate.swift */,
				1F8639AB28255D2C000EDA0F /* Assets.xcassets */,
			);
			path = SupportingFiles;
			sourceTree = "<group>";
		};
		1FB3F5DC2825A91600208929 /* ViewControllers */ = {
			isa = PBXGroup;
			children = (
				1F8639A628255D2B000EDA0F /* DragonsListVC.swift */,
				1FA4AFDF28279FA700C7A434 /* DragonInfoVC.swift */,
			);
			path = ViewControllers;
			sourceTree = "<group>";
		};
		1FB3F5DD2825A94C00208929 /* Models */ = {
			isa = PBXGroup;
			children = (
				1FB3F5E12825B30500208929 /* DragonsList.swift */,
				1FA4AFE12827A05A00C7A434 /* DragonInfo.swift */,
			);
			path = Models;
			sourceTree = "<group>";
		};
		1FB3F5DE2825A98600208929 /* Managers */ = {
			isa = PBXGroup;
			children = (
				1FB3F5DF2825A9A800208929 /* NetworkManager.swift */,
			);
			path = Managers;
			sourceTree = "<group>";
		};
		1FB3F5E32825C22800208929 /* CustomViews */ = {
			isa = PBXGroup;
			children = (
				1F91AAD9282981FE00DC3C0F /* Cells */,
				1FFD9CAC282841E600A7DEAF /* BioLabel.swift */,
				1FB3F5E82825C55500208929 /* DLabel.swift */,
				1FFD9CAE2828499E00A7DEAF /* WikipediaButton.swift */,
				1F91AAD728297CC700DC3C0F /* GalleryCollectionView.swift */,
				1FB3AF9C282C02BE00932F0E /* DragonImage.swift */,
			);
			path = CustomViews;
			sourceTree = "<group>";
		};
/* End PBXGroup section */

/* Begin PBXNativeTarget section */
		1F86399E28255D2B000EDA0F /* DragonS */ = {
			isa = PBXNativeTarget;
			buildConfigurationList = 1F8639B328255D2C000EDA0F /* Build configuration list for PBXNativeTarget "DragonS" */;
			buildPhases = (
				1F86399B28255D2B000EDA0F /* Sources */,
				1F86399C28255D2B000EDA0F /* Frameworks */,
				1F86399D28255D2B000EDA0F /* Resources */,
			);
			buildRules = (
			);
			dependencies = (
			);
			name = DragonS;
			packageProductDependencies = (
				1FB1A7DC2827105C0071CCD7 /* SDWebImage */,
			);
			productName = DragonS;
			productReference = 1F86399F28255D2B000EDA0F /* DragonS.app */;
			productType = "com.apple.product-type.application";
		};
/* End PBXNativeTarget section */

/* Begin PBXProject section */
		1F86399728255D2B000EDA0F /* Project object */ = {
			isa = PBXProject;
			attributes = {
				BuildIndependentTargetsInParallel = 1;
				LastSwiftUpdateCheck = 1310;
				LastUpgradeCheck = 1310;
				TargetAttributes = {
					1F86399E28255D2B000EDA0F = {
						CreatedOnToolsVersion = 13.1;
					};
				};
			};
			buildConfigurationList = 1F86399A28255D2B000EDA0F /* Build configuration list for PBXProject "DragonS" */;
			compatibilityVersion = "Xcode 13.0";
			developmentRegion = en;
			hasScannedForEncodings = 0;
			knownRegions = (
				en,
				Base,
			);
			mainGroup = 1F86399628255D2B000EDA0F;
			packageReferences = (
				1FB1A7DB2827105C0071CCD7 /* XCRemoteSwiftPackageReference "SDWebImage" */,
			);
			productRefGroup = 1F8639A028255D2B000EDA0F /* Products */;
			projectDirPath = "";
			projectRoot = "";
			targets = (
				1F86399E28255D2B000EDA0F /* DragonS */,
			);
		};
/* End PBXProject section */

/* Begin PBXResourcesBuildPhase section */
		1F86399D28255D2B000EDA0F /* Resources */ = {
			isa = PBXResourcesBuildPhase;
			buildActionMask = 2147483647;
			files = (
				1F8639AC28255D2C000EDA0F /* Assets.xcassets in Resources */,
			);
			runOnlyForDeploymentPostprocessing = 0;
		};
/* End PBXResourcesBuildPhase section */

/* Begin PBXSourcesBuildPhase section */
		1F86399B28255D2B000EDA0F /* Sources */ = {
			isa = PBXSourcesBuildPhase;
			buildActionMask = 2147483647;
			files = (
				1FA4AFE22827A05A00C7A434 /* DragonInfo.swift in Sources */,
				1F91AAD32829779600DC3C0F /* UIViewController+Ext.swift in Sources */,
				1FB3F5E02825A9A800208929 /* NetworkManager.swift in Sources */,
				1F91AAD828297CC700DC3C0F /* GalleryCollectionView.swift in Sources */,
				1F8639A728255D2B000EDA0F /* DragonsListVC.swift in Sources */,
				1F91AAD628297BEF00DC3C0F /* UIView+Ext.swift in Sources */,
				1FB3AF9D282C02BE00932F0E /* DragonImage.swift in Sources */,
				1FA4AFE028279FA700C7A434 /* DragonInfoVC.swift in Sources */,
				1FFD9CAD282841E600A7DEAF /* BioLabel.swift in Sources */,
				1F8639A328255D2B000EDA0F /* AppDelegate.swift in Sources */,
				1FB3F5E22825B30500208929 /* DragonsList.swift in Sources */,
				1F9B53FC2829A1A400F7F926 /* SizeConstants.swift in Sources */,
				1FFD9CAF2828499E00A7DEAF /* WikipediaButton.swift in Sources */,
				1FB1A7DA28270C7C0071CCD7 /* ErrorMessage.swift in Sources */,
				1F91AADB2829822200DC3C0F /* GalleryCell.swift in Sources */,
				1FB3F5E52825C24C00208929 /* DragonsCell.swift in Sources */,
				1FB3F5E92825C55500208929 /* DLabel.swift in Sources */,
				1F8639A528255D2B000EDA0F /* SceneDelegate.swift in Sources */,
			);
			runOnlyForDeploymentPostprocessing = 0;
		};
/* End PBXSourcesBuildPhase section */

/* Begin XCBuildConfiguration section */
		1F8639B128255D2C000EDA0F /* Debug */ = {
			isa = XCBuildConfiguration;
			buildSettings = {
				ALWAYS_SEARCH_USER_PATHS = NO;
				CLANG_ANALYZER_NONNULL = YES;
				CLANG_ANALYZER_NUMBER_OBJECT_CONVERSION = YES_AGGRESSIVE;
				CLANG_CXX_LANGUAGE_STANDARD = "gnu++17";
				CLANG_CXX_LIBRARY = "libc++";
				CLANG_ENABLE_MODULES = YES;
				CLANG_ENABLE_OBJC_ARC = YES;
				CLANG_ENABLE_OBJC_WEAK = YES;
				CLANG_WARN_BLOCK_CAPTURE_AUTORELEASING = YES;
				CLANG_WARN_BOOL_CONVERSION = YES;
				CLANG_WARN_COMMA = YES;
				CLANG_WARN_CONSTANT_CONVERSION = YES;
				CLANG_WARN_DEPRECATED_OBJC_IMPLEMENTATIONS = YES;
				CLANG_WARN_DIRECT_OBJC_ISA_USAGE = YES_ERROR;
				CLANG_WARN_DOCUMENTATION_COMMENTS = YES;
				CLANG_WARN_EMPTY_BODY = YES;
				CLANG_WARN_ENUM_CONVERSION = YES;
				CLANG_WARN_INFINITE_RECURSION = YES;
				CLANG_WARN_INT_CONVERSION = YES;
				CLANG_WARN_NON_LITERAL_NULL_CONVERSION = YES;
				CLANG_WARN_OBJC_IMPLICIT_RETAIN_SELF = YES;
				CLANG_WARN_OBJC_LITERAL_CONVERSION = YES;
				CLANG_WARN_OBJC_ROOT_CLASS = YES_ERROR;
				CLANG_WARN_QUOTED_INCLUDE_IN_FRAMEWORK_HEADER = YES;
				CLANG_WARN_RANGE_LOOP_ANALYSIS = YES;
				CLANG_WARN_STRICT_PROTOTYPES = YES;
				CLANG_WARN_SUSPICIOUS_MOVE = YES;
				CLANG_WARN_UNGUARDED_AVAILABILITY = YES_AGGRESSIVE;
				CLANG_WARN_UNREACHABLE_CODE = YES;
				CLANG_WARN__DUPLICATE_METHOD_MATCH = YES;
				COPY_PHASE_STRIP = NO;
				DEBUG_INFORMATION_FORMAT = dwarf;
				ENABLE_STRICT_OBJC_MSGSEND = YES;
				ENABLE_TESTABILITY = YES;
				GCC_C_LANGUAGE_STANDARD = gnu11;
				GCC_DYNAMIC_NO_PIC = NO;
				GCC_NO_COMMON_BLOCKS = YES;
				GCC_OPTIMIZATION_LEVEL = 0;
				GCC_PREPROCESSOR_DEFINITIONS = (
					"DEBUG=1",
					"$(inherited)",
				);
				GCC_WARN_64_TO_32_BIT_CONVERSION = YES;
				GCC_WARN_ABOUT_RETURN_TYPE = YES_ERROR;
				GCC_WARN_UNDECLARED_SELECTOR = YES;
				GCC_WARN_UNINITIALIZED_AUTOS = YES_AGGRESSIVE;
				GCC_WARN_UNUSED_FUNCTION = YES;
				GCC_WARN_UNUSED_VARIABLE = YES;
				IPHONEOS_DEPLOYMENT_TARGET = 15.0;
				MTL_ENABLE_DEBUG_INFO = INCLUDE_SOURCE;
				MTL_FAST_MATH = YES;
				ONLY_ACTIVE_ARCH = YES;
				SDKROOT = iphoneos;
				SWIFT_ACTIVE_COMPILATION_CONDITIONS = DEBUG;
				SWIFT_OPTIMIZATION_LEVEL = "-Onone";
			};
			name = Debug;
		};
		1F8639B228255D2C000EDA0F /* Release */ = {
			isa = XCBuildConfiguration;
			buildSettings = {
				ALWAYS_SEARCH_USER_PATHS = NO;
				CLANG_ANALYZER_NONNULL = YES;
				CLANG_ANALYZER_NUMBER_OBJECT_CONVERSION = YES_AGGRESSIVE;
				CLANG_CXX_LANGUAGE_STANDARD = "gnu++17";
				CLANG_CXX_LIBRARY = "libc++";
				CLANG_ENABLE_MODULES = YES;
				CLANG_ENABLE_OBJC_ARC = YES;
				CLANG_ENABLE_OBJC_WEAK = YES;
				CLANG_WARN_BLOCK_CAPTURE_AUTORELEASING = YES;
				CLANG_WARN_BOOL_CONVERSION = YES;
				CLANG_WARN_COMMA = YES;
				CLANG_WARN_CONSTANT_CONVERSION = YES;
				CLANG_WARN_DEPRECATED_OBJC_IMPLEMENTATIONS = YES;
				CLANG_WARN_DIRECT_OBJC_ISA_USAGE = YES_ERROR;
				CLANG_WARN_DOCUMENTATION_COMMENTS = YES;
				CLANG_WARN_EMPTY_BODY = YES;
				CLANG_WARN_ENUM_CONVERSION = YES;
				CLANG_WARN_INFINITE_RECURSION = YES;
				CLANG_WARN_INT_CONVERSION = YES;
				CLANG_WARN_NON_LITERAL_NULL_CONVERSION = YES;
				CLANG_WARN_OBJC_IMPLICIT_RETAIN_SELF = YES;
				CLANG_WARN_OBJC_LITERAL_CONVERSION = YES;
				CLANG_WARN_OBJC_ROOT_CLASS = YES_ERROR;
				CLANG_WARN_QUOTED_INCLUDE_IN_FRAMEWORK_HEADER = YES;
				CLANG_WARN_RANGE_LOOP_ANALYSIS = YES;
				CLANG_WARN_STRICT_PROTOTYPES = YES;
				CLANG_WARN_SUSPICIOUS_MOVE = YES;
				CLANG_WARN_UNGUARDED_AVAILABILITY = YES_AGGRESSIVE;
				CLANG_WARN_UNREACHABLE_CODE = YES;
				CLANG_WARN__DUPLICATE_METHOD_MATCH = YES;
				COPY_PHASE_STRIP = NO;
				DEBUG_INFORMATION_FORMAT = "dwarf-with-dsym";
				ENABLE_NS_ASSERTIONS = NO;
				ENABLE_STRICT_OBJC_MSGSEND = YES;
				GCC_C_LANGUAGE_STANDARD = gnu11;
				GCC_NO_COMMON_BLOCKS = YES;
				GCC_WARN_64_TO_32_BIT_CONVERSION = YES;
				GCC_WARN_ABOUT_RETURN_TYPE = YES_ERROR;
				GCC_WARN_UNDECLARED_SELECTOR = YES;
				GCC_WARN_UNINITIALIZED_AUTOS = YES_AGGRESSIVE;
				GCC_WARN_UNUSED_FUNCTION = YES;
				GCC_WARN_UNUSED_VARIABLE = YES;
				IPHONEOS_DEPLOYMENT_TARGET = 15.0;
				MTL_ENABLE_DEBUG_INFO = NO;
				MTL_FAST_MATH = YES;
				SDKROOT = iphoneos;
				SWIFT_COMPILATION_MODE = wholemodule;
				SWIFT_OPTIMIZATION_LEVEL = "-O";
				VALIDATE_PRODUCT = YES;
			};
			name = Release;
		};
		1F8639B428255D2C000EDA0F /* Debug */ = {
			isa = XCBuildConfiguration;
			buildSettings = {
				ASSETCATALOG_COMPILER_APPICON_NAME = AppIcon;
				ASSETCATALOG_COMPILER_GLOBAL_ACCENT_COLOR_NAME = AccentColor;
				CODE_SIGN_STYLE = Automatic;
				CURRENT_PROJECT_VERSION = 1;
				DEVELOPMENT_TEAM = 5QAZ87AC89;
				GENERATE_INFOPLIST_FILE = YES;
				INFOPLIST_FILE = DragonS/Info.plist;
				INFOPLIST_KEY_UIApplicationSupportsIndirectInputEvents = YES;
				INFOPLIST_KEY_UILaunchStoryboardName = LaunchScreen;
				INFOPLIST_KEY_UISupportedInterfaceOrientations = UIInterfaceOrientationPortrait;
				INFOPLIST_KEY_UISupportedInterfaceOrientations_iPad = "UIInterfaceOrientationPortrait UIInterfaceOrientationPortraitUpsideDown UIInterfaceOrientationLandscapeLeft UIInterfaceOrientationLandscapeRight";
				INFOPLIST_KEY_UISupportedInterfaceOrientations_iPhone = "UIInterfaceOrientationPortrait UIInterfaceOrientationLandscapeLeft UIInterfaceOrientationLandscapeRight";
				LD_RUNPATH_SEARCH_PATHS = (
					"$(inherited)",
					"@executable_path/Frameworks",
				);
				MARKETING_VERSION = 1.0;
				PRODUCT_BUNDLE_IDENTIFIER = com.alexandraKozlova.DragonS;
				PRODUCT_NAME = "$(TARGET_NAME)";
				SWIFT_EMIT_LOC_STRINGS = YES;
				SWIFT_VERSION = 5.0;
				TARGETED_DEVICE_FAMILY = "1,2";
			};
			name = Debug;
		};
		1F8639B528255D2C000EDA0F /* Release */ = {
			isa = XCBuildConfiguration;
			buildSettings = {
				ASSETCATALOG_COMPILER_APPICON_NAME = AppIcon;
				ASSETCATALOG_COMPILER_GLOBAL_ACCENT_COLOR_NAME = AccentColor;
				CODE_SIGN_STYLE = Automatic;
				CURRENT_PROJECT_VERSION = 1;
				DEVELOPMENT_TEAM = 5QAZ87AC89;
				GENERATE_INFOPLIST_FILE = YES;
				INFOPLIST_FILE = DragonS/Info.plist;
				INFOPLIST_KEY_UIApplicationSupportsIndirectInputEvents = YES;
				INFOPLIST_KEY_UILaunchStoryboardName = LaunchScreen;
				INFOPLIST_KEY_UISupportedInterfaceOrientations = UIInterfaceOrientationPortrait;
				INFOPLIST_KEY_UISupportedInterfaceOrientations_iPad = "UIInterfaceOrientationPortrait UIInterfaceOrientationPortraitUpsideDown UIInterfaceOrientationLandscapeLeft UIInterfaceOrientationLandscapeRight";
				INFOPLIST_KEY_UISupportedInterfaceOrientations_iPhone = "UIInterfaceOrientationPortrait UIInterfaceOrientationLandscapeLeft UIInterfaceOrientationLandscapeRight";
				LD_RUNPATH_SEARCH_PATHS = (
					"$(inherited)",
					"@executable_path/Frameworks",
				);
				MARKETING_VERSION = 1.0;
				PRODUCT_BUNDLE_IDENTIFIER = com.alexandraKozlova.DragonS;
				PRODUCT_NAME = "$(TARGET_NAME)";
				SWIFT_EMIT_LOC_STRINGS = YES;
				SWIFT_VERSION = 5.0;
				TARGETED_DEVICE_FAMILY = "1,2";
			};
			name = Release;
		};
/* End XCBuildConfiguration section */

/* Begin XCConfigurationList section */
		1F86399A28255D2B000EDA0F /* Build configuration list for PBXProject "DragonS" */ = {
			isa = XCConfigurationList;
			buildConfigurations = (
				1F8639B128255D2C000EDA0F /* Debug */,
				1F8639B228255D2C000EDA0F /* Release */,
			);
			defaultConfigurationIsVisible = 0;
			defaultConfigurationName = Release;
		};
		1F8639B328255D2C000EDA0F /* Build configuration list for PBXNativeTarget "DragonS" */ = {
			isa = XCConfigurationList;
			buildConfigurations = (
				1F8639B428255D2C000EDA0F /* Debug */,
				1F8639B528255D2C000EDA0F /* Release */,
			);
			defaultConfigurationIsVisible = 0;
			defaultConfigurationName = Release;
		};
/* End XCConfigurationList section */

/* Begin XCRemoteSwiftPackageReference section */
		1FB1A7DB2827105C0071CCD7 /* XCRemoteSwiftPackageReference "SDWebImage" */ = {
			isa = XCRemoteSwiftPackageReference;
			repositoryURL = "https://github.com/SDWebImage/SDWebImage";
			requirement = {
				branch = master;
				kind = branch;
			};
		};
/* End XCRemoteSwiftPackageReference section */

/* Begin XCSwiftPackageProductDependency section */
		1FB1A7DC2827105C0071CCD7 /* SDWebImage */ = {
			isa = XCSwiftPackageProductDependency;
			package = 1FB1A7DB2827105C0071CCD7 /* XCRemoteSwiftPackageReference "SDWebImage" */;
			productName = SDWebImage;
		};
/* End XCSwiftPackageProductDependency section */
	};
	rootObject = 1F86399728255D2B000EDA0F /* Project object */;
}
